// !$*UTF8*$!
{
	archiveVersion = 1;
	classes = {
	};
	objectVersion = 46;
	objects = {

/* Begin PBXBuildFile section */
		E5372B3F1BDF325A00588BC5 /* main.m in Sources */ = {isa = PBXBuildFile; fileRef = E5372B3E1BDF325A00588BC5 /* main.m */; };
		E5372B421BDF325A00588BC5 /* AppDelegate.m in Sources */ = {isa = PBXBuildFile; fileRef = E5372B411BDF325A00588BC5 /* AppDelegate.m */; };
		E5372B481BDF325A00588BC5 /* Main.storyboard in Resources */ = {isa = PBXBuildFile; fileRef = E5372B461BDF325A00588BC5 /* Main.storyboard */; };
		E5372B4A1BDF325A00588BC5 /* Assets.xcassets in Resources */ = {isa = PBXBuildFile; fileRef = E5372B491BDF325A00588BC5 /* Assets.xcassets */; };
		E5372B4D1BDF325A00588BC5 /* LaunchScreen.storyboard in Resources */ = {isa = PBXBuildFile; fileRef = E5372B4B1BDF325A00588BC5 /* LaunchScreen.storyboard */; };
		E5C0169B1BDF332500F5BF97 /* 1.plist in Resources */ = {isa = PBXBuildFile; fileRef = E5C016981BDF332500F5BF97 /* 1.plist */; };
		E5C0169C1BDF332500F5BF97 /* 2.plist in Resources */ = {isa = PBXBuildFile; fileRef = E5C016991BDF332500F5BF97 /* 2.plist */; };
		E5C0169D1BDF332500F5BF97 /* 3.plist in Resources */ = {isa = PBXBuildFile; fileRef = E5C0169A1BDF332500F5BF97 /* 3.plist */; };
		E5C016AD1BDF33D900F5BF97 /* ViewController.m in Sources */ = {isa = PBXBuildFile; fileRef = E5C016A11BDF33D900F5BF97 /* ViewController.m */; };
		E5C016AE1BDF33D900F5BF97 /* HMShop.m in Sources */ = {isa = PBXBuildFile; fileRef = E5C016A41BDF33D900F5BF97 /* HMShop.m */; };
		E5C016AF1BDF33D900F5BF97 /* HMFooterView.m in Sources */ = {isa = PBXBuildFile; fileRef = E5C016A71BDF33D900F5BF97 /* HMFooterView.m */; };
		E5C016B01BDF33D900F5BF97 /* HMShopCell.m in Sources */ = {isa = PBXBuildFile; fileRef = E5C016A91BDF33D900F5BF97 /* HMShopCell.m */; };
		E5C016B11BDF33D900F5BF97 /* HMWaterfallFlowLayout.m in Sources */ = {isa = PBXBuildFile; fileRef = E5C016AC1BDF33D900F5BF97 /* HMWaterfallFlowLayout.m */; };
/* End PBXBuildFile section */

/* Begin PBXFileReference section */
		E5372B3A1BDF325A00588BC5 /* WaterFall.app */ = {isa = PBXFileReference; explicitFileType = wrapper.application; includeInIndex = 0; path = WaterFall.app; sourceTree = BUILT_PRODUCTS_DIR; };
		E5372B3E1BDF325A00588BC5 /* main.m */ = {isa = PBXFileReference; lastKnownFileType = sourcecode.c.objc; path = main.m; sourceTree = "<group>"; };
		E5372B401BDF325A00588BC5 /* AppDelegate.h */ = {isa = PBXFileReference; lastKnownFileType = sourcecode.c.h; path = AppDelegate.h; sourceTree = "<group>"; };
		E5372B411BDF325A00588BC5 /* AppDelegate.m */ = {isa = PBXFileReference; lastKnownFileType = sourcecode.c.objc; path = AppDelegate.m; sourceTree = "<group>"; };
		E5372B471BDF325A00588BC5 /* Base */ = {isa = PBXFileReference; lastKnownFileType = file.storyboard; name = Base; path = Base.lproj/Main.storyboard; sourceTree = "<group>"; };
		E5372B491BDF325A00588BC5 /* Assets.xcassets */ = {isa = PBXFileReference; lastKnownFileType = folder.assetcatalog; path = Assets.xcassets; sourceTree = "<group>"; };
		E5372B4C1BDF325A00588BC5 /* Base */ = {isa = PBXFileReference; lastKnownFileType = file.storyboard; name = Base; path = Base.lproj/LaunchScreen.storyboard; sourceTree = "<group>"; };
		E5372B4E1BDF325A00588BC5 /* Info.plist */ = {isa = PBXFileReference; lastKnownFileType = text.plist.xml; path = Info.plist; sourceTree = "<group>"; };
		E5C016981BDF332500F5BF97 /* 1.plist */ = {isa = PBXFileReference; fileEncoding = 4; lastKnownFileType = text.plist.xml; path = 1.plist; sourceTree = "<group>"; };
		E5C016991BDF332500F5BF97 /* 2.plist */ = {isa = PBXFileReference; fileEncoding = 4; lastKnownFileType = text.plist.xml; path = 2.plist; sourceTree = "<group>"; };
		E5C0169A1BDF332500F5BF97 /* 3.plist */ = {isa = PBXFileReference; fileEncoding = 4; lastKnownFileType = text.plist.xml; path = 3.plist; sourceTree = "<group>"; };
		E5C016A01BDF33D900F5BF97 /* ViewController.h */ = {isa = PBXFileReference; fileEncoding = 4; lastKnownFileType = sourcecode.c.h; path = ViewController.h; sourceTree = "<group>"; };
		E5C016A11BDF33D900F5BF97 /* ViewController.m */ = {isa = PBXFileReference; fileEncoding = 4; lastKnownFileType = sourcecode.c.objc; path = ViewController.m; sourceTree = "<group>"; };
		E5C016A31BDF33D900F5BF97 /* HMShop.h */ = {isa = PBXFileReference; fileEncoding = 4; lastKnownFileType = sourcecode.c.h; path = HMShop.h; sourceTree = "<group>"; };
		E5C016A41BDF33D900F5BF97 /* HMShop.m */ = {isa = PBXFileReference; fileEncoding = 4; lastKnownFileType = sourcecode.c.objc; path = HMShop.m; sourceTree = "<group>"; };
		E5C016A61BDF33D900F5BF97 /* HMFooterView.h */ = {isa = PBXFileReference; fileEncoding = 4; lastKnownFileType = sourcecode.c.h; path = HMFooterView.h; sourceTree = "<group>"; };
		E5C016A71BDF33D900F5BF97 /* HMFooterView.m */ = {isa = PBXFileReference; fileEncoding = 4; lastKnownFileType = sourcecode.c.objc; path = HMFooterView.m; sourceTree = "<group>"; };
		E5C016A81BDF33D900F5BF97 /* HMShopCell.h */ = {isa = PBXFileReference; fileEncoding = 4; lastKnownFileType = sourcecode.c.h; path = HMShopCell.h; sourceTree = "<group>"; };
		E5C016A91BDF33D900F5BF97 /* HMShopCell.m */ = {isa = PBXFileReference; fileEncoding = 4; lastKnownFileType = sourcecode.c.objc; path = HMShopCell.m; sourceTree = "<group>"; };
		E5C016AB1BDF33D900F5BF97 /* HMWaterfallFlowLayout.h */ = {isa = PBXFileReference; fileEncoding = 4; lastKnownFileType = sourcecode.c.h; path = HMWaterfallFlowLayout.h; sourceTree = "<group>"; };
		E5C016AC1BDF33D900F5BF97 /* HMWaterfallFlowLayout.m */ = {isa = PBXFileReference; fileEncoding = 4; lastKnownFileType = sourcecode.c.objc; path = HMWaterfallFlowLayout.m; sourceTree = "<group>"; };
/* End PBXFileReference section */

/* Begin PBXFrameworksBuildPhase section */
		E5372B371BDF325A00588BC5 /* Frameworks */ = {
			isa = PBXFrameworksBuildPhase;
			buildActionMask = 2147483647;
			files = (
			);
			runOnlyForDeploymentPostprocessing = 0;
		};
/* End PBXFrameworksBuildPhase section */

/* Begin PBXGroup section */
		E5372B311BDF325A00588BC5 = {
			isa = PBXGroup;
			children = (
				E5372B3C1BDF325A00588BC5 /* WaterFall */,
				E5372B3B1BDF325A00588BC5 /* Products */,
			);
			sourceTree = "<group>";
		};
		E5372B3B1BDF325A00588BC5 /* Products */ = {
			isa = PBXGroup;
			children = (
				E5372B3A1BDF325A00588BC5 /* WaterFall.app */,
			);
			name = Products;
			sourceTree = "<group>";
		};
		E5372B3C1BDF325A00588BC5 /* WaterFall */ = {
			isa = PBXGroup;
			children = (
				E5C0169E1BDF33D900F5BF97 /* Demo */,
				E5372B401BDF325A00588BC5 /* AppDelegate.h */,
				E5372B411BDF325A00588BC5 /* AppDelegate.m */,
				E5372B461BDF325A00588BC5 /* Main.storyboard */,
				E5372B491BDF325A00588BC5 /* Assets.xcassets */,
				E5372B4B1BDF325A00588BC5 /* LaunchScreen.storyboard */,
				E5372B4E1BDF325A00588BC5 /* Info.plist */,
				E5372B3D1BDF325A00588BC5 /* Supporting Files */,
			);
			path = WaterFall;
			sourceTree = "<group>";
		};
		E5372B3D1BDF325A00588BC5 /* Supporting Files */ = {
			isa = PBXGroup;
			children = (
				E5C016971BDF332500F5BF97 /* plist */,
				E5372B3E1BDF325A00588BC5 /* main.m */,
			);
			name = "Supporting Files";
			sourceTree = "<group>";
		};
		E5C016971BDF332500F5BF97 /* plist */ = {
			isa = PBXGroup;
			children = (
				E5C016981BDF332500F5BF97 /* 1.plist */,
				E5C016991BDF332500F5BF97 /* 2.plist */,
				E5C0169A1BDF332500F5BF97 /* 3.plist */,
			);
			path = plist;
			sourceTree = "<group>";
		};
		E5C0169E1BDF33D900F5BF97 /* Demo */ = {
			isa = PBXGroup;
			children = (
				E5C0169F1BDF33D900F5BF97 /* Controller */,
				E5C016A21BDF33D900F5BF97 /* Model */,
				E5C016A51BDF33D900F5BF97 /* View */,
				E5C016AA1BDF33D900F5BF97 /* WaterFall */,
			);
			path = Demo;
			sourceTree = "<group>";
		};
		E5C0169F1BDF33D900F5BF97 /* Controller */ = {
			isa = PBXGroup;
			children = (
				E5C016A01BDF33D900F5BF97 /* ViewController.h */,
				E5C016A11BDF33D900F5BF97 /* ViewController.m */,
			);
			path = Controller;
			sourceTree = "<group>";
		};
		E5C016A21BDF33D900F5BF97 /* Model */ = {
			isa = PBXGroup;
			children = (
				E5C016A31BDF33D900F5BF97 /* HMShop.h */,
				E5C016A41BDF33D900F5BF97 /* HMShop.m */,
			);
			path = Model;
			sourceTree = "<group>";
		};
		E5C016A51BDF33D900F5BF97 /* View */ = {
			isa = PBXGroup;
			children = (
				E5C016A61BDF33D900F5BF97 /* HMFooterView.h */,
				E5C016A71BDF33D900F5BF97 /* HMFooterView.m */,
				E5C016A81BDF33D900F5BF97 /* HMShopCell.h */,
				E5C016A91BDF33D900F5BF97 /* HMShopCell.m */,
			);
			path = View;
			sourceTree = "<group>";
		};
		E5C016AA1BDF33D900F5BF97 /* WaterFall */ = {
			isa = PBXGroup;
			children = (
				E5C016AB1BDF33D900F5BF97 /* HMWaterfallFlowLayout.h */,
				E5C016AC1BDF33D900F5BF97 /* HMWaterfallFlowLayout.m */,
			);
			name = WaterFall;
			path = ../WaterFall;
			sourceTree = "<group>";
		};
/* End PBXGroup section */

/* Begin PBXNativeTarget section */
		E5372B391BDF325A00588BC5 /* WaterFall */ = {
			isa = PBXNativeTarget;
			buildConfigurationList = E5372B511BDF325A00588BC5 /* Build configuration list for PBXNativeTarget "WaterFall" */;
			buildPhases = (
				E5372B361BDF325A00588BC5 /* Sources */,
				E5372B371BDF325A00588BC5 /* Frameworks */,
				E5372B381BDF325A00588BC5 /* Resources */,
			);
			buildRules = (
			);
			dependencies = (
			);
			name = WaterFall;
			productName = WaterFall;
			productReference = E5372B3A1BDF325A00588BC5 /* WaterFall.app */;
			productType = "com.apple.product-type.application";
		};
/* End PBXNativeTarget section */

/* Begin PBXProject section */
		E5372B321BDF325A00588BC5 /* Project object */ = {
			isa = PBXProject;
			attributes = {
				LastUpgradeCheck = 0710;
				ORGANIZATIONNAME = chao;
				TargetAttributes = {
					E5372B391BDF325A00588BC5 = {
						CreatedOnToolsVersion = 7.1;
						DevelopmentTeam = QNT96Z6RMK;
					};
				};
			};
			buildConfigurationList = E5372B351BDF325A00588BC5 /* Build configuration list for PBXProject "WaterFall" */;
			compatibilityVersion = "Xcode 3.2";
			developmentRegion = English;
			hasScannedForEncodings = 0;
			knownRegions = (
				en,
				Base,
			);
			mainGroup = E5372B311BDF325A00588BC5;
			productRefGroup = E5372B3B1BDF325A00588BC5 /* Products */;
			projectDirPath = "";
			projectRoot = "";
			targets = (
				E5372B391BDF325A00588BC5 /* WaterFall */,
			);
		};
/* End PBXProject section */

/* Begin PBXResourcesBuildPhase section */
		E5372B381BDF325A00588BC5 /* Resources */ = {
			isa = PBXResourcesBuildPhase;
			buildActionMask = 2147483647;
			files = (
				E5C0169D1BDF332500F5BF97 /* 3.plist in Resources */,
				E5372B4D1BDF325A00588BC5 /* LaunchScreen.storyboard in Resources */,
				E5C0169C1BDF332500F5BF97 /* 2.plist in Resources */,
				E5372B4A1BDF325A00588BC5 /* Assets.xcassets in Resources */,
				E5C0169B1BDF332500F5BF97 /* 1.plist in Resources */,
				E5372B481BDF325A00588BC5 /* Main.storyboard in Resources */,
			);
			runOnlyForDeploymentPostprocessing = 0;
		};
/* End PBXResourcesBuildPhase section */

/* Begin PBXSourcesBuildPhase section */
		E5372B361BDF325A00588BC5 /* Sources */ = {
			isa = PBXSourcesBuildPhase;
			buildActionMask = 2147483647;
			files = (
				E5C016B11BDF33D900F5BF97 /* HMWaterfallFlowLayout.m in Sources */,
				E5C016B01BDF33D900F5BF97 /* HMShopCell.m in Sources */,
				E5C016AD1BDF33D900F5BF97 /* ViewController.m in Sources */,
				E5372B421BDF325A00588BC5 /* AppDelegate.m in Sources */,
				E5C016AE1BDF33D900F5BF97 /* HMShop.m in Sources */,
				E5372B3F1BDF325A00588BC5 /* main.m in Sources */,
				E5C016AF1BDF33D900F5BF97 /* HMFooterView.m in Sources */,
			);
			runOnlyForDeploymentPostprocessing = 0;
		};
/* End PBXSourcesBuildPhase section */

/* Begin PBXVariantGroup section */
		E5372B461BDF325A00588BC5 /* Main.storyboard */ = {
			isa = PBXVariantGroup;
			children = (
				E5372B471BDF325A00588BC5 /* Base */,
			);
			name = Main.storyboard;
			sourceTree = "<group>";
		};
		E5372B4B1BDF325A00588BC5 /* LaunchScreen.storyboard */ = {
			isa = PBXVariantGroup;
			children = (
				E5372B4C1BDF325A00588BC5 /* Base */,
			);
			name = LaunchScreen.storyboard;
			sourceTree = "<group>";
		};
/* End PBXVariantGroup section */

/* Begin XCBuildConfiguration section */
		E5372B4F1BDF325A00588BC5 /* Debug */ = {
			isa = XCBuildConfiguration;
			buildSettings = {
				ALWAYS_SEARCH_USER_PATHS = NO;
				CLANG_CXX_LANGUAGE_STANDARD = "gnu++0x";
				CLANG_CXX_LIBRARY = "libc++";
				CLANG_ENABLE_MODULES = YES;
				CLANG_ENABLE_OBJC_ARC = YES;
				CLANG_WARN_BOOL_CONVERSION = YES;
				CLANG_WARN_CONSTANT_CONVERSION = YES;
				CLANG_WARN_DIRECT_OBJC_ISA_USAGE = YES_ERROR;
				CLANG_WARN_EMPTY_BODY = YES;
				CLANG_WARN_ENUM_CONVERSION = YES;
				CLANG_WARN_INT_CONVERSION = YES;
				CLANG_WARN_OBJC_ROOT_CLASS = YES_ERROR;
				CLANG_WARN_UNREACHABLE_CODE = YES;
				CLANG_WARN__DUPLICATE_METHOD_MATCH = YES;
				"CODE_SIGN_IDENTITY[sdk=iphoneos*]" = "iPhone Developer";
				COPY_PHASE_STRIP = NO;
				DEBUG_INFORMATION_FORMAT = dwarf;
				ENABLE_STRICT_OBJC_MSGSEND = YES;
				ENABLE_TESTABILITY = YES;
				GCC_C_LANGUAGE_STANDARD = gnu99;
				GCC_DYNAMIC_NO_PIC = NO;
				GCC_NO_COMMON_BLOCKS = YES;
				GCC_OPTIMIZATION_LEVEL = 0;
				GCC_PREPROCESSOR_DEFINITIONS = (
					"DEBUG=1",
					"$(inherited)",
				);
				GCC_WARN_64_TO_32_BIT_CONVERSION = YES;
				GCC_WARN_ABOUT_RETURN_TYPE = YES_ERROR;
				GCC_WARN_UNDECLARED_SELECTOR = YES;
				GCC_WARN_UNINITIALIZED_AUTOS = YES_AGGRESSIVE;
				GCC_WARN_UNUSED_FUNCTION = YES;
				GCC_WARN_UNUSED_VARIABLE = YES;
				IPHONEOS_DEPLOYMENT_TARGET = 9.1;
				MTL_ENABLE_DEBUG_INFO = YES;
				ONLY_ACTIVE_ARCH = YES;
				SDKROOT = iphoneos;
			};
			name = Debug;
		};
		E5372B501BDF325A00588BC5 /* Release */ = {
			isa = XCBuildConfiguration;
			buildSettings = {
				ALWAYS_SEARCH_USER_PATHS = NO;
				CLANG_CXX_LANGUAGE_STANDARD = "gnu++0x";
				CLANG_CXX_LIBRARY = "libc++";
				CLANG_ENABLE_MODULES = YES;
				CLANG_ENABLE_OBJC_ARC = YES;
				CLANG_WARN_BOOL_CONVERSION = YES;
				CLANG_WARN_CONSTANT_CONVERSION = YES;
				CLANG_WARN_DIRECT_OBJC_ISA_USAGE = YES_ERROR;
				CLANG_WARN_EMPTY_BODY = YES;
				CLANG_WARN_ENUM_CONVERSION = YES;
				CLANG_WARN_INT_CONVERSION = YES;
				CLANG_WARN_OBJC_ROOT_CLASS = YES_ERROR;
				CLANG_WARN_UNREACHABLE_CODE = YES;
				CLANG_WARN__DUPLICATE_METHOD_MATCH = YES;
				"CODE_SIGN_IDENTITY[sdk=iphoneos*]" = "iPhone Developer";
				COPY_PHASE_STRIP = NO;
				DEBUG_INFORMATION_FORMAT = "dwarf-with-dsym";
				ENABLE_NS_ASSERTIONS = NO;
				ENABLE_STRICT_OBJC_MSGSEND = YES;
				GCC_C_LANGUAGE_STANDARD = gnu99;
				GCC_NO_COMMON_BLOCKS = YES;
				GCC_WARN_64_TO_32_BIT_CONVERSION = YES;
				GCC_WARN_ABOUT_RETURN_TYPE = YES_ERROR;
				GCC_WARN_UNDECLARED_SELECTOR = YES;
				GCC_WARN_UNINITIALIZED_AUTOS = YES_AGGRESSIVE;
				GCC_WARN_UNUSED_FUNCTION = YES;
				GCC_WARN_UNUSED_VARIABLE = YES;
				IPHONEOS_DEPLOYMENT_TARGET = 9.1;
				MTL_ENABLE_DEBUG_INFO = NO;
				SDKROOT = iphoneos;
				VALIDATE_PRODUCT = YES;
			};
			name = Release;
		};
		E5372B521BDF325A00588BC5 /* Debug */ = {
			isa = XCBuildConfiguration;
			buildSettings = {
				ASSETCATALOG_COMPILER_APPICON_NAME = AppIcon;
				INFOPLIST_FILE = WaterFall/Info.plist;
				LD_RUNPATH_SEARCH_PATHS = "$(inherited) @executable_path/Frameworks";
				PRODUCT_BUNDLE_IDENTIFIER = cn.chao.WaterFall;
				PRODUCT_NAME = "$(TARGET_NAME)";
			};
			name = Debug;
		};
		E5372B531BDF325A00588BC5 /* Release */ = {
			isa = XCBuildConfiguration;
			buildSettings = {
				ASSETCATALOG_COMPILER_APPICON_NAME = AppIcon;
				INFOPLIST_FILE = WaterFall/Info.plist;
				LD_RUNPATH_SEARCH_PATHS = "$(inherited) @executable_path/Frameworks";
				PRODUCT_BUNDLE_IDENTIFIER = cn.chao.WaterFall;
				PRODUCT_NAME = "$(TARGET_NAME)";
			};
			name = Release;
		};
/* End XCBuildConfiguration section */

/* Begin XCConfigurationList section */
		E5372B351BDF325A00588BC5 /* Build configuration list for PBXProject "WaterFall" */ = {
			isa = XCConfigurationList;
			buildConfigurations = (
				E5372B4F1BDF325A00588BC5 /* Debug */,
				E5372B501BDF325A00588BC5 /* Release */,
			);
			defaultConfigurationIsVisible = 0;
			defaultConfigurationName = Release;
		};
		E5372B511BDF325A00588BC5 /* Build configuration list for PBXNativeTarget "WaterFall" */ = {
			isa = XCConfigurationList;
			buildConfigurations = (
				E5372B521BDF325A00588BC5 /* Debug */,
				E5372B531BDF325A00588BC5 /* Release */,
			);
			defaultConfigurationIsVisible = 0;
			defaultConfigurationName = Release;
		};
/* End XCConfigurationList section */
	};
	rootObject = E5372B321BDF325A00588BC5 /* Project object */;
}
